// !$*UTF8*$!
{
	archiveVersion = 1;
	classes = {
	};
	objectVersion = 48;
	objects = {

/* Begin PBXBuildFile section */
		3FC7C6DB1F8BF6470044FF8A /* AppDelegate.swift in Sources */ = {isa = PBXBuildFile; fileRef = 3FC7C6DA1F8BF6470044FF8A /* AppDelegate.swift */; };
		3FC7C6DD1F8BF6470044FF8A /* ViewController.swift in Sources */ = {isa = PBXBuildFile; fileRef = 3FC7C6DC1F8BF6470044FF8A /* ViewController.swift */; };
		3FC7C6E01F8BF6470044FF8A /* Main.storyboard in Resources */ = {isa = PBXBuildFile; fileRef = 3FC7C6DE1F8BF6470044FF8A /* Main.storyboard */; };
		3FC7C6E31F8BF6470044FF8A /* DTester.xcdatamodeld in Sources */ = {isa = PBXBuildFile; fileRef = 3FC7C6E11F8BF6470044FF8A /* DTester.xcdatamodeld */; };
		3FC7C6E51F8BF6470044FF8A /* Assets.xcassets in Resources */ = {isa = PBXBuildFile; fileRef = 3FC7C6E41F8BF6470044FF8A /* Assets.xcassets */; };
		3FC7C6E81F8BF6470044FF8A /* LaunchScreen.storyboard in Resources */ = {isa = PBXBuildFile; fileRef = 3FC7C6E61F8BF6470044FF8A /* LaunchScreen.storyboard */; };
		E1977B33A9494A0AE9234397 /* Pods_DTester.framework in Frameworks */ = {isa = PBXBuildFile; fileRef = EBBAFE1447A62D20D183908D /* Pods_DTester.framework */; };
/* End PBXBuildFile section */

/* Begin PBXFileReference section */
		3FC7C6D71F8BF6470044FF8A /* DTester.app */ = {isa = PBXFileReference; explicitFileType = wrapper.application; includeInIndex = 0; path = DTester.app; sourceTree = BUILT_PRODUCTS_DIR; };
		3FC7C6DA1F8BF6470044FF8A /* AppDelegate.swift */ = {isa = PBXFileReference; lastKnownFileType = sourcecode.swift; path = AppDelegate.swift; sourceTree = "<group>"; };
		3FC7C6DC1F8BF6470044FF8A /* ViewController.swift */ = {isa = PBXFileReference; lastKnownFileType = sourcecode.swift; path = ViewController.swift; sourceTree = "<group>"; };
		3FC7C6DF1F8BF6470044FF8A /* Base */ = {isa = PBXFileReference; lastKnownFileType = file.storyboard; name = Base; path = Base.lproj/Main.storyboard; sourceTree = "<group>"; };
		3FC7C6E21F8BF6470044FF8A /* DTester.xcdatamodel */ = {isa = PBXFileReference; lastKnownFileType = wrapper.xcdatamodel; path = DTester.xcdatamodel; sourceTree = "<group>"; };
		3FC7C6E41F8BF6470044FF8A /* Assets.xcassets */ = {isa = PBXFileReference; lastKnownFileType = folder.assetcatalog; path = Assets.xcassets; sourceTree = "<group>"; };
		3FC7C6E71F8BF6470044FF8A /* Base */ = {isa = PBXFileReference; lastKnownFileType = file.storyboard; name = Base; path = Base.lproj/LaunchScreen.storyboard; sourceTree = "<group>"; };
		3FC7C6E91F8BF6470044FF8A /* Info.plist */ = {isa = PBXFileReference; lastKnownFileType = text.plist.xml; path = Info.plist; sourceTree = "<group>"; };
		775F2D5C526A935FE5F35091 /* Pods-DTester.debug.xcconfig */ = {isa = PBXFileReference; includeInIndex = 1; lastKnownFileType = text.xcconfig; name = "Pods-DTester.debug.xcconfig"; path = "Pods/Target Support Files/Pods-DTester/Pods-DTester.debug.xcconfig"; sourceTree = "<group>"; };
		C1C054F6B0F4C542B9EC02D3 /* Pods-DTester.release.xcconfig */ = {isa = PBXFileReference; includeInIndex = 1; lastKnownFileType = text.xcconfig; name = "Pods-DTester.release.xcconfig"; path = "Pods/Target Support Files/Pods-DTester/Pods-DTester.release.xcconfig"; sourceTree = "<group>"; };
		EBBAFE1447A62D20D183908D /* Pods_DTester.framework */ = {isa = PBXFileReference; explicitFileType = wrapper.framework; includeInIndex = 0; path = Pods_DTester.framework; sourceTree = BUILT_PRODUCTS_DIR; };
/* End PBXFileReference section */

/* Begin PBXFrameworksBuildPhase section */
		3FC7C6D41F8BF6470044FF8A /* Frameworks */ = {
			isa = PBXFrameworksBuildPhase;
			buildActionMask = 2147483647;
			files = (
				E1977B33A9494A0AE9234397 /* Pods_DTester.framework in Frameworks */,
			);
			runOnlyForDeploymentPostprocessing = 0;
		};
/* End PBXFrameworksBuildPhase section */

/* Begin PBXGroup section */
		3FC7C6CE1F8BF6470044FF8A = {
			isa = PBXGroup;
			children = (
				3FC7C6D91F8BF6470044FF8A /* DTester */,
				3FC7C6D81F8BF6470044FF8A /* Products */,
				672CB3E773F93466917F9618 /* Pods */,
				55D8521F560A085BAB21D18B /* Frameworks */,
			);
			sourceTree = "<group>";
		};
		3FC7C6D81F8BF6470044FF8A /* Products */ = {
			isa = PBXGroup;
			children = (
				3FC7C6D71F8BF6470044FF8A /* DTester.app */,
			);
			name = Products;
			sourceTree = "<group>";
		};
		3FC7C6D91F8BF6470044FF8A /* DTester */ = {
			isa = PBXGroup;
			children = (
				3FC7C6DA1F8BF6470044FF8A /* AppDelegate.swift */,
				3FC7C6DC1F8BF6470044FF8A /* ViewController.swift */,
				3FC7C6DE1F8BF6470044FF8A /* Main.storyboard */,
				3FC7C6E41F8BF6470044FF8A /* Assets.xcassets */,
				3FC7C6E61F8BF6470044FF8A /* LaunchScreen.storyboard */,
				3FC7C6E91F8BF6470044FF8A /* Info.plist */,
				3FC7C6E11F8BF6470044FF8A /* DTester.xcdatamodeld */,
			);
			path = DTester;
			sourceTree = "<group>";
		};
		55D8521F560A085BAB21D18B /* Frameworks */ = {
			isa = PBXGroup;
			children = (
				EBBAFE1447A62D20D183908D /* Pods_DTester.framework */,
			);
			name = Frameworks;
			sourceTree = "<group>";
		};
		672CB3E773F93466917F9618 /* Pods */ = {
			isa = PBXGroup;
			children = (
				775F2D5C526A935FE5F35091 /* Pods-DTester.debug.xcconfig */,
				C1C054F6B0F4C542B9EC02D3 /* Pods-DTester.release.xcconfig */,
			);
			name = Pods;
			sourceTree = "<group>";
		};
/* End PBXGroup section */

/* Begin PBXNativeTarget section */
		3FC7C6D61F8BF6470044FF8A /* DTester */ = {
			isa = PBXNativeTarget;
			buildConfigurationList = 3FC7C6EC1F8BF6470044FF8A /* Build configuration list for PBXNativeTarget "DTester" */;
			buildPhases = (
				57B1D8D26D5C8DE54F0D1D15 /* [CP] Check Pods Manifest.lock */,
				3FC7C6D31F8BF6470044FF8A /* Sources */,
				3FC7C6D41F8BF6470044FF8A /* Frameworks */,
				3FC7C6D51F8BF6470044FF8A /* Resources */,
				3396EAE61B1AC42E15842898 /* [CP] Embed Pods Frameworks */,
				9A1F048571333A2CD0D02E37 /* [CP] Copy Pods Resources */,
			);
			buildRules = (
			);
			dependencies = (
			);
			name = DTester;
			productName = DTester;
			productReference = 3FC7C6D71F8BF6470044FF8A /* DTester.app */;
			productType = "com.apple.product-type.application";
		};
/* End PBXNativeTarget section */

/* Begin PBXProject section */
		3FC7C6CF1F8BF6470044FF8A /* Project object */ = {
			isa = PBXProject;
			attributes = {
				LastSwiftUpdateCheck = 0900;
				LastUpgradeCheck = 0900;
				ORGANIZATIONNAME = "Yurii Kupa";
				TargetAttributes = {
					3FC7C6D61F8BF6470044FF8A = {
						CreatedOnToolsVersion = 9.0;
						ProvisioningStyle = Automatic;
					};
				};
			};
			buildConfigurationList = 3FC7C6D21F8BF6470044FF8A /* Build configuration list for PBXProject "DTester" */;
			compatibilityVersion = "Xcode 8.0";
			developmentRegion = en;
			hasScannedForEncodings = 0;
			knownRegions = (
				en,
				Base,
			);
			mainGroup = 3FC7C6CE1F8BF6470044FF8A;
			productRefGroup = 3FC7C6D81F8BF6470044FF8A /* Products */;
			projectDirPath = "";
			projectRoot = "";
			targets = (
				3FC7C6D61F8BF6470044FF8A /* DTester */,
			);
		};
/* End PBXProject section */

/* Begin PBXResourcesBuildPhase section */
		3FC7C6D51F8BF6470044FF8A /* Resources */ = {
			isa = PBXResourcesBuildPhase;
			buildActionMask = 2147483647;
			files = (
				3FC7C6E81F8BF6470044FF8A /* LaunchScreen.storyboard in Resources */,
				3FC7C6E51F8BF6470044FF8A /* Assets.xcassets in Resources */,
				3FC7C6E01F8BF6470044FF8A /* Main.storyboard in Resources */,
			);
			runOnlyForDeploymentPostprocessing = 0;
		};
/* End PBXResourcesBuildPhase section */

/* Begin PBXShellScriptBuildPhase section */
		3396EAE61B1AC42E15842898 /* [CP] Embed Pods Frameworks */ = {
			isa = PBXShellScriptBuildPhase;
			buildActionMask = 2147483647;
			files = (
			);
			inputPaths = (
			);
			name = "[CP] Embed Pods Frameworks";
			outputPaths = (
			);
			runOnlyForDeploymentPostprocessing = 0;
			shellPath = /bin/sh;
			shellScript = "\"${SRCROOT}/Pods/Target Support Files/Pods-DTester/Pods-DTester-frameworks.sh\"\n";
			showEnvVarsInLog = 0;
		};
		57B1D8D26D5C8DE54F0D1D15 /* [CP] Check Pods Manifest.lock */ = {
			isa = PBXShellScriptBuildPhase;
			buildActionMask = 2147483647;
			files = (
			);
			inputPaths = (
				"${PODS_PODFILE_DIR_PATH}/Podfile.lock",
				"${PODS_ROOT}/Manifest.lock",
			);
			name = "[CP] Check Pods Manifest.lock";
			outputPaths = (
				"$(DERIVED_FILE_DIR)/Pods-DTester-checkManifestLockResult.txt",
			);
			runOnlyForDeploymentPostprocessing = 0;
			shellPath = /bin/sh;
			shellScript = "diff \"${PODS_PODFILE_DIR_PATH}/Podfile.lock\" \"${PODS_ROOT}/Manifest.lock\" > /dev/null\nif [ $? != 0 ] ; then\n    # print error to STDERR\n    echo \"error: The sandbox is not in sync with the Podfile.lock. Run 'pod install' or update your CocoaPods installation.\" >&2\n    exit 1\nfi\n# This output is used by Xcode 'outputs' to avoid re-running this script phase.\necho \"SUCCESS\" > \"${SCRIPT_OUTPUT_FILE_0}\"\n";
			showEnvVarsInLog = 0;
		};
		9A1F048571333A2CD0D02E37 /* [CP] Copy Pods Resources */ = {
			isa = PBXShellScriptBuildPhase;
			buildActionMask = 2147483647;
			files = (
			);
			inputPaths = (
			);
			name = "[CP] Copy Pods Resources";
			outputPaths = (
			);
			runOnlyForDeploymentPostprocessing = 0;
			shellPath = /bin/sh;
			shellScript = "\"${SRCROOT}/Pods/Target Support Files/Pods-DTester/Pods-DTester-resources.sh\"\n";
			showEnvVarsInLog = 0;
		};
/* End PBXShellScriptBuildPhase section */

/* Begin PBXSourcesBuildPhase section */
		3FC7C6D31F8BF6470044FF8A /* Sources */ = {
			isa = PBXSourcesBuildPhase;
			buildActionMask = 2147483647;
			files = (
				3FC7C6E31F8BF6470044FF8A /* DTester.xcdatamodeld in Sources */,
				3FC7C6DD1F8BF6470044FF8A /* ViewController.swift in Sources */,
				3FC7C6DB1F8BF6470044FF8A /* AppDelegate.swift in Sources */,
			);
			runOnlyForDeploymentPostprocessing = 0;
		};
/* End PBXSourcesBuildPhase section */

/* Begin PBXVariantGroup section */
		3FC7C6DE1F8BF6470044FF8A /* Main.storyboard */ = {
			isa = PBXVariantGroup;
			children = (
				3FC7C6DF1F8BF6470044FF8A /* Base */,
			);
			name = Main.storyboard;
			sourceTree = "<group>";
		};
		3FC7C6E61F8BF6470044FF8A /* LaunchScreen.storyboard */ = {
			isa = PBXVariantGroup;
			children = (
				3FC7C6E71F8BF6470044FF8A /* Base */,
			);
			name = LaunchScreen.storyboard;
			sourceTree = "<group>";
		};
/* End PBXVariantGroup section */

/* Begin XCBuildConfiguration section */
		3FC7C6EA1F8BF6470044FF8A /* Debug */ = {
			isa = XCBuildConfiguration;
			buildSettings = {
				ALWAYS_SEARCH_USER_PATHS = NO;
				CLANG_ANALYZER_NONNULL = YES;
				CLANG_ANALYZER_NUMBER_OBJECT_CONVERSION = YES_AGGRESSIVE;
				CLANG_CXX_LANGUAGE_STANDARD = "gnu++14";
				CLANG_CXX_LIBRARY = "libc++";
				CLANG_ENABLE_MODULES = YES;
				CLANG_ENABLE_OBJC_ARC = YES;
				CLANG_WARN_BLOCK_CAPTURE_AUTORELEASING = YES;
				CLANG_WARN_BOOL_CONVERSION = YES;
				CLANG_WARN_COMMA = YES;
				CLANG_WARN_CONSTANT_CONVERSION = YES;
				CLANG_WARN_DIRECT_OBJC_ISA_USAGE = YES_ERROR;
				CLANG_WARN_DOCUMENTATION_COMMENTS = YES;
				CLANG_WARN_EMPTY_BODY = YES;
				CLANG_WARN_ENUM_CONVERSION = YES;
				CLANG_WARN_INFINITE_RECURSION = YES;
				CLANG_WARN_INT_CONVERSION = YES;
				CLANG_WARN_NON_LITERAL_NULL_CONVERSION = YES;
				CLANG_WARN_OBJC_LITERAL_CONVERSION = YES;
				CLANG_WARN_OBJC_ROOT_CLASS = YES_ERROR;
				CLANG_WARN_RANGE_LOOP_ANALYSIS = YES;
				CLANG_WARN_STRICT_PROTOTYPES = YES;
				CLANG_WARN_SUSPICIOUS_MOVE = YES;
				CLANG_WARN_UNGUARDED_AVAILABILITY = YES_AGGRESSIVE;
				CLANG_WARN_UNREACHABLE_CODE = YES;
				CLANG_WARN__DUPLICATE_METHOD_MATCH = YES;
				CODE_SIGN_IDENTITY = "iPhone Developer";
				COPY_PHASE_STRIP = NO;
				DEBUG_INFORMATION_FORMAT = dwarf;
				ENABLE_STRICT_OBJC_MSGSEND = YES;
				ENABLE_TESTABILITY = YES;
				GCC_C_LANGUAGE_STANDARD = gnu11;
				GCC_DYNAMIC_NO_PIC = NO;
				GCC_NO_COMMON_BLOCKS = YES;
				GCC_OPTIMIZATION_LEVEL = 0;
				GCC_PREPROCESSOR_DEFINITIONS = (
					"DEBUG=1",
					"$(inherited)",
				);
				GCC_WARN_64_TO_32_BIT_CONVERSION = YES;
				GCC_WARN_ABOUT_RETURN_TYPE = YES_ERROR;
				GCC_WARN_UNDECLARED_SELECTOR = YES;
				GCC_WARN_UNINITIALIZED_AUTOS = YES_AGGRESSIVE;
				GCC_WARN_UNUSED_FUNCTION = YES;
				GCC_WARN_UNUSED_VARIABLE = YES;
				IPHONEOS_DEPLOYMENT_TARGET = 11.0;
				MTL_ENABLE_DEBUG_INFO = YES;
				ONLY_ACTIVE_ARCH = YES;
				SDKROOT = iphoneos;
				SWIFT_ACTIVE_COMPILATION_CONDITIONS = DEBUG;
				SWIFT_OPTIMIZATION_LEVEL = "-Onone";
			};
			name = Debug;
		};
		3FC7C6EB1F8BF6470044FF8A /* Release */ = {
			isa = XCBuildConfiguration;
			buildSettings = {
				ALWAYS_SEARCH_USER_PATHS = NO;
				CLANG_ANALYZER_NONNULL = YES;
				CLANG_ANALYZER_NUMBER_OBJECT_CONVERSION = YES_AGGRESSIVE;
				CLANG_CXX_LANGUAGE_STANDARD = "gnu++14";
				CLANG_CXX_LIBRARY = "libc++";
				CLANG_ENABLE_MODULES = YES;
				CLANG_ENABLE_OBJC_ARC = YES;
				CLANG_WARN_BLOCK_CAPTURE_AUTORELEASING = YES;
				CLANG_WARN_BOOL_CONVERSION = YES;
				CLANG_WARN_COMMA = YES;
				CLANG_WARN_CONSTANT_CONVERSION = YES;
				CLANG_WARN_DIRECT_OBJC_ISA_USAGE = YES_ERROR;
				CLANG_WARN_DOCUMENTATION_COMMENTS = YES;
				CLANG_WARN_EMPTY_BODY = YES;
				CLANG_WARN_ENUM_CONVERSION = YES;
				CLANG_WARN_INFINITE_RECURSION = YES;
				CLANG_WARN_INT_CONVERSION = YES;
				CLANG_WARN_NON_LITERAL_NULL_CONVERSION = YES;
				CLANG_WARN_OBJC_LITERAL_CONVERSION = YES;
				CLANG_WARN_OBJC_ROOT_CLASS = YES_ERROR;
				CLANG_WARN_RANGE_LOOP_ANALYSIS = YES;
				CLANG_WARN_STRICT_PROTOTYPES = YES;
				CLANG_WARN_SUSPICIOUS_MOVE = YES;
				CLANG_WARN_UNGUARDED_AVAILABILITY = YES_AGGRESSIVE;
				CLANG_WARN_UNREACHABLE_CODE = YES;
				CLANG_WARN__DUPLICATE_METHOD_MATCH = YES;
				CODE_SIGN_IDENTITY = "iPhone Developer";
				COPY_PHASE_STRIP = NO;
				DEBUG_INFORMATION_FORMAT = "dwarf-with-dsym";
				ENABLE_NS_ASSERTIONS = NO;
				ENABLE_STRICT_OBJC_MSGSEND = YES;
				GCC_C_LANGUAGE_STANDARD = gnu11;
				GCC_NO_COMMON_BLOCKS = YES;
				GCC_WARN_64_TO_32_BIT_CONVERSION = YES;
				GCC_WARN_ABOUT_RETURN_TYPE = YES_ERROR;
				GCC_WARN_UNDECLARED_SELECTOR = YES;
				GCC_WARN_UNINITIALIZED_AUTOS = YES_AGGRESSIVE;
				GCC_WARN_UNUSED_FUNCTION = YES;
				GCC_WARN_UNUSED_VARIABLE = YES;
				IPHONEOS_DEPLOYMENT_TARGET = 11.0;
				MTL_ENABLE_DEBUG_INFO = NO;
				SDKROOT = iphoneos;
				SWIFT_OPTIMIZATION_LEVEL = "-Owholemodule";
				VALIDATE_PRODUCT = YES;
			};
			name = Release;
		};
		3FC7C6ED1F8BF6470044FF8A /* Debug */ = {
			isa = XCBuildConfiguration;
			baseConfigurationReference = 775F2D5C526A935FE5F35091 /* Pods-DTester.debug.xcconfig */;
			buildSettings = {
				ASSETCATALOG_COMPILER_APPICON_NAME = AppIcon;
				CODE_SIGN_STYLE = Automatic;
				INFOPLIST_FILE = DTester/Info.plist;
				LD_RUNPATH_SEARCH_PATHS = "$(inherited) @executable_path/Frameworks";
				PRODUCT_BUNDLE_IDENTIFIER = com.ss.ita.DTester;
				PRODUCT_NAME = "$(TARGET_NAME)";
				SWIFT_VERSION = 4.0;
				TARGETED_DEVICE_FAMILY = "1,2";
			};
			name = Debug;
		};
		3FC7C6EE1F8BF6470044FF8A /* Release */ = {
			isa = XCBuildConfiguration;
			baseConfigurationReference = C1C054F6B0F4C542B9EC02D3 /* Pods-DTester.release.xcconfig */;
			buildSettings = {
				ASSETCATALOG_COMPILER_APPICON_NAME = AppIcon;
				CODE_SIGN_STYLE = Automatic;
				INFOPLIST_FILE = DTester/Info.plist;
				LD_RUNPATH_SEARCH_PATHS = "$(inherited) @executable_path/Frameworks";
				PRODUCT_BUNDLE_IDENTIFIER = com.ss.ita.DTester;
				PRODUCT_NAME = "$(TARGET_NAME)";
				SWIFT_VERSION = 4.0;
				TARGETED_DEVICE_FAMILY = "1,2";
			};
			name = Release;
		};
/* End XCBuildConfiguration section */

/* Begin XCConfigurationList section */
		3FC7C6D21F8BF6470044FF8A /* Build configuration list for PBXProject "DTester" */ = {
			isa = XCConfigurationList;
			buildConfigurations = (
				3FC7C6EA1F8BF6470044FF8A /* Debug */,
				3FC7C6EB1F8BF6470044FF8A /* Release */,
			);
			defaultConfigurationIsVisible = 0;
			defaultConfigurationName = Release;
		};
		3FC7C6EC1F8BF6470044FF8A /* Build configuration list for PBXNativeTarget "DTester" */ = {
			isa = XCConfigurationList;
			buildConfigurations = (
				3FC7C6ED1F8BF6470044FF8A /* Debug */,
				3FC7C6EE1F8BF6470044FF8A /* Release */,
			);
			defaultConfigurationIsVisible = 0;
			defaultConfigurationName = Release;
		};
/* End XCConfigurationList section */

/* Begin XCVersionGroup section */
		3FC7C6E11F8BF6470044FF8A /* DTester.xcdatamodeld */ = {
			isa = XCVersionGroup;
			children = (
				3FC7C6E21F8BF6470044FF8A /* DTester.xcdatamodel */,
			);
			currentVersion = 3FC7C6E21F8BF6470044FF8A /* DTester.xcdatamodel */;
			path = DTester.xcdatamodeld;
			sourceTree = "<group>";
			versionGroupType = wrapper.xcdatamodel;
		};
/* End XCVersionGroup section */
	};
	rootObject = 3FC7C6CF1F8BF6470044FF8A /* Project object */;
}
